
Microsoft Visual Studio Solution File, Format Version 12.00
# Visual Studio Version 17
VisualStudioVersion = 17.0.31903.59
MinimumVisualStudioVersion = 10.0.40219.1
Project("{2150E333-8FDC-42A3-9474-1A3956D46DE8}") = "API", "API", "{D82C56D6-B2CD-F611-9E31-04638F7EC30E}"
EndProject
Project("{FAE04EC0-301F-11D3-BF4B-00C04F79EFBC}") = "BackendApi", "API\BackendApi\BackendApi.csproj", "{1B0C98F8-31B5-498C-ABBA-05A2496ED68F}"
EndProject
Project("{FAE04EC0-301F-11D3-BF4B-00C04F79EFBC}") = "WeatherCollector", "API\WeatherCollector\WeatherCollector.csproj", "{8B95A553-4250-4B27-BDAB-4FEE0E580EB8}"
EndProject
Project("{FAE04EC0-301F-11D3-BF4B-00C04F79EFBC}") = "Storage", "API\Storage\Storage.csproj", "{37A30DD6-A421-4774-B752-4856EBC85A0B}"
EndProject
Project("{FAE04EC0-301F-11D3-BF4B-00C04F79EFBC}") = "Analytics", "API\Analytics\Analytics.csproj", "{F785DFED-9E07-491B-B418-1A3C71BA4DB1}"
EndProject
Project("{FAE04EC0-301F-11D3-BF4B-00C04F79EFBC}") = "Notifications", "API\Notifications\Notifications.csproj", "{AC7E0879-7B84-4984-B3E4-2C79511A5300}"
EndProject
Global
	GlobalSection(SolutionConfigurationPlatforms) = preSolution
		Debug|Any CPU = Debug|Any CPU
		Debug|x64 = Debug|x64
		Debug|x86 = Debug|x86
		Release|Any CPU = Release|Any CPU
		Release|x64 = Release|x64
		Release|x86 = Release|x86
	EndGlobalSection
	GlobalSection(ProjectConfigurationPlatforms) = postSolution
		{1B0C98F8-31B5-498C-ABBA-05A2496ED68F}.Debug|Any CPU.ActiveCfg = Debug|Any CPU
		{1B0C98F8-31B5-498C-ABBA-05A2496ED68F}.Debug|Any CPU.Build.0 = Debug|Any CPU
		{1B0C98F8-31B5-498C-ABBA-05A2496ED68F}.Debug|x64.ActiveCfg = Debug|Any CPU
		{1B0C98F8-31B5-498C-ABBA-05A2496ED68F}.Debug|x64.Build.0 = Debug|Any CPU
		{1B0C98F8-31B5-498C-ABBA-05A2496ED68F}.Debug|x86.ActiveCfg = Debug|Any CPU
		{1B0C98F8-31B5-498C-ABBA-05A2496ED68F}.Debug|x86.Build.0 = Debug|Any CPU
		{1B0C98F8-31B5-498C-ABBA-05A2496ED68F}.Release|Any CPU.ActiveCfg = Release|Any CPU
		{1B0C98F8-31B5-498C-ABBA-05A2496ED68F}.Release|Any CPU.Build.0 = Release|Any CPU
		{1B0C98F8-31B5-498C-ABBA-05A2496ED68F}.Release|x64.ActiveCfg = Release|Any CPU
		{1B0C98F8-31B5-498C-ABBA-05A2496ED68F}.Release|x64.Build.0 = Release|Any CPU
		{1B0C98F8-31B5-498C-ABBA-05A2496ED68F}.Release|x86.ActiveCfg = Release|Any CPU
		{1B0C98F8-31B5-498C-ABBA-05A2496ED68F}.Release|x86.Build.0 = Release|Any CPU
		{8B95A553-4250-4B27-BDAB-4FEE0E580EB8}.Debug|Any CPU.ActiveCfg = Debug|Any CPU
		{8B95A553-4250-4B27-BDAB-4FEE0E580EB8}.Debug|Any CPU.Build.0 = Debug|Any CPU
		{8B95A553-4250-4B27-BDAB-4FEE0E580EB8}.Debug|x64.ActiveCfg = Debug|Any CPU
		{8B95A553-4250-4B27-BDAB-4FEE0E580EB8}.Debug|x64.Build.0 = Debug|Any CPU
		{8B95A553-4250-4B27-BDAB-4FEE0E580EB8}.Debug|x86.ActiveCfg = Debug|Any CPU
		{8B95A553-4250-4B27-BDAB-4FEE0E580EB8}.Debug|x86.Build.0 = Debug|Any CPU
		{8B95A553-4250-4B27-BDAB-4FEE0E580EB8}.Release|Any CPU.ActiveCfg = Release|Any CPU
		{8B95A553-4250-4B27-BDAB-4FEE0E580EB8}.Release|Any CPU.Build.0 = Release|Any CPU
		{8B95A553-4250-4B27-BDAB-4FEE0E580EB8}.Release|x64.ActiveCfg = Release|Any CPU
		{8B95A553-4250-4B27-BDAB-4FEE0E580EB8}.Release|x64.Build.0 = Release|Any CPU
		{8B95A553-4250-4B27-BDAB-4FEE0E580EB8}.Release|x86.ActiveCfg = Release|Any CPU
		{8B95A553-4250-4B27-BDAB-4FEE0E580EB8}.Release|x86.Build.0 = Release|Any CPU
		{37A30DD6-A421-4774-B752-4856EBC85A0B}.Debug|Any CPU.ActiveCfg = Debug|Any CPU
		{37A30DD6-A421-4774-B752-4856EBC85A0B}.Debug|Any CPU.Build.0 = Debug|Any CPU
		{37A30DD6-A421-4774-B752-4856EBC85A0B}.Debug|x64.ActiveCfg = Debug|Any CPU
		{37A30DD6-A421-4774-B752-4856EBC85A0B}.Debug|x64.Build.0 = Debug|Any CPU
		{37A30DD6-A421-4774-B752-4856EBC85A0B}.Debug|x86.ActiveCfg = Debug|Any CPU
		{37A30DD6-A421-4774-B752-4856EBC85A0B}.Debug|x86.Build.0 = Debug|Any CPU
		{37A30DD6-A421-4774-B752-4856EBC85A0B}.Release|Any CPU.ActiveCfg = Release|Any CPU
		{37A30DD6-A421-4774-B752-4856EBC85A0B}.Release|Any CPU.Build.0 = Release|Any CPU
		{37A30DD6-A421-4774-B752-4856EBC85A0B}.Release|x64.ActiveCfg = Release|Any CPU
		{37A30DD6-A421-4774-B752-4856EBC85A0B}.Release|x64.Build.0 = Release|Any CPU
		{37A30DD6-A421-4774-B752-4856EBC85A0B}.Release|x86.ActiveCfg = Release|Any CPU
		{37A30DD6-A421-4774-B752-4856EBC85A0B}.Release|x86.Build.0 = Release|Any CPU
		{F785DFED-9E07-491B-B418-1A3C71BA4DB1}.Debug|Any CPU.ActiveCfg = Debug|Any CPU
		{F785DFED-9E07-491B-B418-1A3C71BA4DB1}.Debug|Any CPU.Build.0 = Debug|Any CPU
		{F785DFED-9E07-491B-B418-1A3C71BA4DB1}.Debug|x64.ActiveCfg = Debug|Any CPU
		{F785DFED-9E07-491B-B418-1A3C71BA4DB1}.Debug|x64.Build.0 = Debug|Any CPU
		{F785DFED-9E07-491B-B418-1A3C71BA4DB1}.Debug|x86.ActiveCfg = Debug|Any CPU
		{F785DFED-9E07-491B-B418-1A3C71BA4DB1}.Debug|x86.Build.0 = Debug|Any CPU
		{F785DFED-9E07-491B-B418-1A3C71BA4DB1}.Release|Any CPU.ActiveCfg = Release|Any CPU
		{F785DFED-9E07-491B-B418-1A3C71BA4DB1}.Release|Any CPU.Build.0 = Release|Any CPU
		{F785DFED-9E07-491B-B418-1A3C71BA4DB1}.Release|x64.ActiveCfg = Release|Any CPU
		{F785DFED-9E07-491B-B418-1A3C71BA4DB1}.Release|x64.Build.0 = Release|Any CPU
		{F785DFED-9E07-491B-B418-1A3C71BA4DB1}.Release|x86.ActiveCfg = Release|Any CPU
		{F785DFED-9E07-491B-B418-1A3C71BA4DB1}.Release|x86.Build.0 = Release|Any CPU
		{AC7E0879-7B84-4984-B3E4-2C79511A5300}.Debug|Any CPU.ActiveCfg = Debug|Any CPU
		{AC7E0879-7B84-4984-B3E4-2C79511A5300}.Debug|Any CPU.Build.0 = Debug|Any CPU
		{AC7E0879-7B84-4984-B3E4-2C79511A5300}.Debug|x64.ActiveCfg = Debug|Any CPU
		{AC7E0879-7B84-4984-B3E4-2C79511A5300}.Debug|x64.Build.0 = Debug|Any CPU
		{AC7E0879-7B84-4984-B3E4-2C79511A5300}.Debug|x86.ActiveCfg = Debug|Any CPU
		{AC7E0879-7B84-4984-B3E4-2C79511A5300}.Debug|x86.Build.0 = Debug|Any CPU
		{AC7E0879-7B84-4984-B3E4-2C79511A5300}.Release|Any CPU.ActiveCfg = Release|Any CPU
		{AC7E0879-7B84-4984-B3E4-2C79511A5300}.Release|Any CPU.Build.0 = Release|Any CPU
		{AC7E0879-7B84-4984-B3E4-2C79511A5300}.Release|x64.ActiveCfg = Release|Any CPU
		{AC7E0879-7B84-4984-B3E4-2C79511A5300}.Release|x64.Build.0 = Release|Any CPU
		{AC7E0879-7B84-4984-B3E4-2C79511A5300}.Release|x86.ActiveCfg = Release|Any CPU
		{AC7E0879-7B84-4984-B3E4-2C79511A5300}.Release|x86.Build.0 = Release|Any CPU
	EndGlobalSection
	GlobalSection(SolutionProperties) = preSolution
		HideSolutionNode = FALSE
	EndGlobalSection
	GlobalSection(NestedProjects) = preSolution
		{1B0C98F8-31B5-498C-ABBA-05A2496ED68F} = {D82C56D6-B2CD-F611-9E31-04638F7EC30E}
		{8B95A553-4250-4B27-BDAB-4FEE0E580EB8} = {D82C56D6-B2CD-F611-9E31-04638F7EC30E}
		{37A30DD6-A421-4774-B752-4856EBC85A0B} = {D82C56D6-B2CD-F611-9E31-04638F7EC30E}
		{F785DFED-9E07-491B-B418-1A3C71BA4DB1} = {D82C56D6-B2CD-F611-9E31-04638F7EC30E}
		{AC7E0879-7B84-4984-B3E4-2C79511A5300} = {D82C56D6-B2CD-F611-9E31-04638F7EC30E}
	EndGlobalSection
EndGlobal
